
Microsoft Visual Studio Solution File, Format Version 12.00
# Visual Studio Version 17
VisualStudioVersion = 17.13.35825.156
MinimumVisualStudioVersion = 10.0.40219.1
Project("{FAE04EC0-301F-11D3-BF4B-00C04F79EFBC}") = "NetTalk.Server", "NetTalk.Server\NetTalk.Server.csproj", "{390960E3-D414-40C1-A625-8EB66AC7DEC5}"
EndProject
Project("{FAE04EC0-301F-11D3-BF4B-00C04F79EFBC}") = "NetTalk.Client", "NetTalk.Client\NetTalk.Client.csproj", "{3D80A1B4-DC87-435C-B098-E6BC4B0C252D}"
EndProject
Project("{FAE04EC0-301F-11D3-BF4B-00C04F79EFBC}") = "NetTalk.Shared", "NetTalk.Shared\NetTalk.Shared.csproj", "{1797F435-9620-428E-A400-3DE7E04205FA}"
EndProject
Global
	GlobalSection(SolutionConfigurationPlatforms) = preSolution
		Debug|Any CPU = Debug|Any CPU
		Release|Any CPU = Release|Any CPU
	EndGlobalSection
	GlobalSection(ProjectConfigurationPlatforms) = postSolution
		{390960E3-D414-40C1-A625-8EB66AC7DEC5}.Debug|Any CPU.ActiveCfg = Debug|Any CPU
		{390960E3-D414-40C1-A625-8EB66AC7DEC5}.Debug|Any CPU.Build.0 = Debug|Any CPU
		{390960E3-D414-40C1-A625-8EB66AC7DEC5}.Release|Any CPU.ActiveCfg = Release|Any CPU
		{390960E3-D414-40C1-A625-8EB66AC7DEC5}.Release|Any CPU.Build.0 = Release|Any CPU
		{3D80A1B4-DC87-435C-B098-E6BC4B0C252D}.Debug|Any CPU.ActiveCfg = Debug|Any CPU
		{3D80A1B4-DC87-435C-B098-E6BC4B0C252D}.Debug|Any CPU.Build.0 = Debug|Any CPU
		{3D80A1B4-DC87-435C-B098-E6BC4B0C252D}.Release|Any CPU.ActiveCfg = Release|Any CPU
		{3D80A1B4-DC87-435C-B098-E6BC4B0C252D}.Release|Any CPU.Build.0 = Release|Any CPU
		{1797F435-9620-428E-A400-3DE7E04205FA}.Debug|Any CPU.ActiveCfg = Debug|Any CPU
		{1797F435-9620-428E-A400-3DE7E04205FA}.Debug|Any CPU.Build.0 = Debug|Any CPU
		{1797F435-9620-428E-A400-3DE7E04205FA}.Release|Any CPU.ActiveCfg = Release|Any CPU
		{1797F435-9620-428E-A400-3DE7E04205FA}.Release|Any CPU.Build.0 = Release|Any CPU
	EndGlobalSection
	GlobalSection(SolutionProperties) = preSolution
		HideSolutionNode = FALSE
	EndGlobalSection
	GlobalSection(ExtensibilityGlobals) = postSolution
		SolutionGuid = {C0449D97-E953-462B-8F2F-781229DD1725}
	EndGlobalSection
EndGlobal
